version = 1
revision = 3
requires-python = ">=3.13"

[[package]]
name = "asgiref"
version = "3.12.1"
source = { registry = "https://pypi.org/simple" }
sdist = { url = "https://files.pythonhosted.org/packages/e6/26/3b59f2bdae5f640389becb1f673cded775287f5fc4f816309d9ca9a3f93d/asgiref-3.12.1.tar.gz", hash = "sha256:59dcb51c272ad209d59bed5708a64a333083e86017d7fcdd67498eeab7784340", size = 42378, upload-time = "2026-07-14T09:56:18.087Z" }
wheels = [
    { url = "https://files.pythonhosted.org/packages/c0/1b/54f4ad77cd8a584fa70746c47df988e002cf1ee1eba43364d46f87803647/asgiref-3.12.1-py3-none-any.whl", hash = "sha256:fe386d1c2bff7259ea95929266d12a8cf9a8b5a1c2598402967d8792e7a7c094", size = 25478, upload-time = "2026-07-14T09:56:16.926Z" },
]

[[package]]
name = "channels"
version = "4.3.2"
source = { registry = "https://pypi.org/simple" }
dependencies = [
    { name = "asgiref" },
    { name = "django" },
]
sdist = { url = "https://files.pythonhosted.org/packages/74/92/b18d4bb54d14986a8b35215a1c9e6a7f9f4d57ca63ac9aee8290ebb4957d/channels-4.3.2.tar.gz", hash = "sha256:f2bb6bfb73ad7fb4705041d07613c7b4e69528f01ef8cb9fb6c21d9295f15667", size = 27023, upload-time = "2025-11-20T15:13:05.102Z" }
wheels = [
    { url = "https://files.pythonhosted.org/packages/16/34/c32915288b7ef482377b6adc401192f98c6a99b3a145423d3b8aed807898/channels-4.3.2-py3-none-any.whl", hash = "sha256:fef47e9055a603900cf16cef85f050d522d9ac4b3daccf24835bd9580705c176", size = 31313, upload-time = "2025-11-20T15:13:02.357Z" },
]

[[package]]
name = "channels-nats"
version = "0.6.1"
source = { editable = "." }
dependencies = [
    { name = "channels" },
    { name = "msgpack" },
    { name = "nats-py" },
]

[package.optional-dependencies]
dev = [
    { name = "django" },
    { name = "pyright" },
    { name = "pytest" },
    { name = "pytest-asyncio" },
    { name = "ruff" },
]

[package.metadata]
requires-dist = [
    { name = "channels", specifier = ">=4.2.1,<5" },
    { name = "django", marker = "extra == 'dev'", specifier = ">=4.2" },
    { name = "msgpack", specifier = ">=1.0" },
    { name = "nats-py", specifier = ">=2.6,<3" },
    { name = "pyright", marker = "extra == 'dev'" },
    { name = "pytest", marker = "extra == 'dev'", specifier = ">=8" },
    { name = "pytest-asyncio", marker = "extra == 'dev'", specifier = ">=0.23" },
    { name = "ruff", marker = "extra == 'dev'" },
]
provides-extras = ["dev"]

[[package]]
name = "colorama"
version = "0.4.6"
source = { registry = "https://pypi.org/simple" }
sdist = { url = "https://files.pythonhosted.org/packages/d8/53/6f443c9a4a8358a93a6792e2acffb9d9d5cb0a5cfd8802644b7b1c9a02e4/colorama-0.4.6.tar.gz", hash = "sha256:08695f5cb7ed6e0531a20572697297273c47b8cae5a63ffc6d6ed5c201be6e44", size = 27697, upload-time = "2022-10-25T02:36:22.414Z" }
wheels = [
    { url = "https://files.pythonhosted.org/packages/d1/d6/3965ed04c63042e047cb6a3e6ed1a63a35087b6a609aa3a15ed8ac56c221/colorama-0.4.6-py2.py3-none-any.whl", hash = "sha256:4f1d9991f5acc0ca119f9d443620b77f9d6b33703e51011c16baf57afb285fc6", size = 25335, upload-time = "2022-10-25T02:36:20.889Z" },
]

[[package]]
name = "django"
version = "6.1.1"
source = { registry = "https://pypi.org/simple" }
dependencies = [
    { name = "asgiref" },
    { name = "sqlparse" },
    { name = "tzdata", marker = "sys_platform == 'win32'" },
]
sdist = { url = "https://files.pythonhosted.org/packages/f8/d4/8314b5bdef20832f0ac6ae3b3e4d4924e4759fa3b4af27609dd747e7a6be/django-6.1.1.tar.gz", hash = "sha256:7ab93536d8e677aa14554c56426290c69480bf2ee68d7513d4a22f57d6bfeb84", size = 11284905, upload-time = "2026-09-02T17:20:45.621Z" }
wheels = [
    { url = "https://files.pythonhosted.org/packages/8d/ca/c1040a4fd15754ede7df15fd72fc2e123045b473b253ab5f5284e11c651e/django-6.1.1-py3-none-any.whl", hash = "sha256:585fb82bf15053c42cf52e67c2f1b54a032dca384759315fd6678ab1870d1d72", size = 8419512, upload-time = "2026-09-02T17:20:39.153Z" },
]

[[package]]
name = "iniconfig"
version = "2.3.0"
source = { registry = "https://pypi.org/simple" }
sdist = { url = "https://files.pythonhosted.org/packages/72/34/14ca021ce8e5dfedc35312d08ba8bf51fdd999c576889fc2c24cb97f4f10/iniconfig-2.3.0.tar.gz", hash = "sha256:c76315c77db068650d49c5b56314774a7804df16fee4402c1f19d6d15d8c4730", size = 20503, upload-time = "2025-10-18T21:55:43.219Z" }
wheels = [
    { url = "https://files.pythonhosted.org/packages/cb/b1/3846dd7f199d53cb17f49cba7e651e9ce294d8497c8c150530ed11865bb8/iniconfig-2.3.0-py3-none-any.whl", hash = "sha256:f631c04d2c48c52b84d0d0549c99ff3859c98df65b3101406327ecc7d53fbf12", size = 7484, upload-time = "2025-10-18T21:55:41.639Z" },
]

[[package]]
name = "msgpack"
version = "1.2.2"
source = { registry = "https://pypi.org/simple" }
sdist = { url = "https://files.pythonhosted.org/packages/6d/44/ea2100ec54d30c46ee9dba10a3bfb79b655e96c6df237238a3234c75869b/msgpack-1.2.2.tar.gz", hash = "sha256:9eb0b0e602064527a045ea28c4f174ed69383587e29cebe28947e3b84106eb2a", size = 187025, upload-time = "2026-08-27T10:03:47.793Z" }
wheels = [
    { url = "https://files.pythonhosted.org/packages/1f/eb/42f31c5a48811787ff59a9869721f70a49654d65ab6c455f4463c39b044e/msgpack-1.2.2-cp313-cp313-macosx_10_13_x86_64.whl", hash = "sha256:8b2a281b556f120a43e591ea39915741b7ad54d4727b9c4350a0a11692252533", size = 83911, upload-time = "2026-08-27T10:02:24.06Z" },
    { url = "https://files.pythonhosted.org/packages/33/54/10c6c16ddba8a5112e3680176b838e3694e4aad7284f9daa6d6d70d98817/msgpack-1.2.2-cp313-cp313-macosx_11_0_arm64.whl", hash = "sha256:1e8cdd1f3e7cc52c751092a9bf740e81e6919ab109cd376ae2d965dad0bbae34", size = 83734, upload-time = "2026-08-27T10:02:25.613Z" },
    { url = "https://files.pythonhosted.org/packages/d7/75/35823e4419df8792191b2a17ae3fe71b41d02c162b2c491c94d1a87f0caa/msgpack-1.2.2-cp313-cp313-manylinux2014_aarch64.manylinux_2_17_aarch64.manylinux_2_28_aarch64.whl", hash = "sha256:1814f92306ae7862908e9ece7cfd90e0dc87ded3e89b6ae7ffdd1175d6376fdc", size = 405635, upload-time = "2026-08-27T10:02:27.012Z" },
    { url = "https://files.pythonhosted.org/packages/6e/d3/6592e4064619b04f2dd0054c5fa13e37e3d55eb26044483d871fadb2f46b/msgpack-1.2.2-cp313-cp313-manylinux2014_x86_64.manylinux_2_17_x86_64.manylinux_2_28_x86_64.whl", hash = "sha256:d24b38a825bcca41bb956de50eb98451ef291304a8607fad99e619043d3e79b9", size = 417332, upload-time = "2026-08-27T10:02:28.776Z" },
    { url = "https://files.pythonhosted.org/packages/e3/a1/b21c6818a545e9a4a976ac954a5c250eecde9a02e0ec82f415473dab1324/msgpack-1.2.2-cp313-cp313-manylinux_2_31_riscv64.manylinux_2_39_riscv64.whl", hash = "sha256:34e83e345194a2a51d8bd447dea9de2104f91e75b247f4735f14f04529f0746b", size = 374378, upload-time = "2026-08-27T10:02:30.678Z" },
    { url = "https://files.pythonhosted.org/packages/03/8b/7ada15c7b64151d6dbb562d1b091520efb2c37acf2403b1d4ae13797b27d/msgpack-1.2.2-cp313-cp313-musllinux_1_2_aarch64.whl", hash = "sha256:682804bf31e43d46e51a9a33bd575b51e839d715ce6bd5612c055f7b28ad637b", size = 395809, upload-time = "2026-08-27T10:02:32.322Z" },
    { url = "https://files.pythonhosted.org/packages/bb/f7/96283e50f7020df4dfeacc55612b7a210c8cdf0dda48bc262f1f9b3e4c49/msgpack-1.2.2-cp313-cp313-musllinux_1_2_riscv64.whl", hash = "sha256:9b659d77f8726fa5e7038967dda6b68d53cf34472c094cfa5b845454713b90d5", size = 373495, upload-time = "2026-08-27T10:02:33.832Z" },
    { url = "https://files.pythonhosted.org/packages/cc/fe/1548dede9d9ca482f2d424a2e110a9705d4e02627a16b8bc8d10ce0208a2/msgpack-1.2.2-cp313-cp313-musllinux_1_2_x86_64.whl", hash = "sha256:4d9a562aec0a92fe536da2e533d313b3d2a6b929157b1dec7ff623446dc0a8ab", size = 414360, upload-time = "2026-08-27T10:02:35.396Z" },
    { url = "https://files.pythonhosted.org/packages/77/9d/4419b8f86c219174b1fb8bbd7faaf84a548935f7b1916d028401b9433417/msgpack-1.2.2-cp313-cp313-win32.whl", hash = "sha256:a4161eee7799863aee237c35c90427861f7b994416dd81ae829f560b0a81bdcd", size = 65196, upload-time = "2026-08-27T10:02:37.007Z" },
    { url = "https://files.pythonhosted.org/packages/3c/f8/593f5caf0dacab41cde1564c5f0419e61af55ec9628006205e8fd5eb5e03/msgpack-1.2.2-cp313-cp313-win_amd64.whl", hash = "sha256:b07c03f0da7e5279170df7745ddc732d526c8a198208936ec1a95c11ed2b2d5f", size = 72203, upload-time = "2026-08-27T10:02:38.28Z" },
    { url = "https://files.pythonhosted.org/packages/bc/9e/c6ef92046b4a2bbb9d3aa0cb581cbf4a4051afccf6e5fb301a1bd3086f39/msgpack-1.2.2-cp313-cp313-win_arm64.whl", hash = "sha256:d13d07efbf655f9ae7a2352b630c52727b359005b21ba08a507585c9ac8c0896", size = 65435, upload-time = "2026-08-27T10:02:39.534Z" },
    { url = "https://files.pythonhosted.org/packages/5e/50/3e92c403346652cabd08cb8faceef847bae917ea3b3c81b64a5b6d09ed41/msgpack-1.2.2-cp314-cp314-macosx_10_15_x86_64.whl", hash = "sha256:e497ee34e8a3342bbde51b27c22d8db05a651df3361dd3daef5b3ab0d66f3e04", size = 84315, upload-time = "2026-08-27T10:02:41.181Z" },
    { url = "https://files.pythonhosted.org/packages/b6/dc/8efe6dd96a12ab043930cb4cffb40b6e7f061491d6ec7a3d2b75ef1fda42/msgpack-1.2.2-cp314-cp314-macosx_11_0_arm64.whl", hash = "sha256:0dd9173c5ebaf5ecc5ca86e7ae1db92934e1d57b856f3dd90698941431f4fd77", size = 84634, upload-time = "2026-08-27T10:02:42.621Z" },
    { url = "https://files.pythonhosted.org/packages/1b/89/996573095bf7b038c04dd65ddbc4f1a4d381b0f7a44ff9186f3c7b8325c2/msgpack-1.2.2-cp314-cp314-manylinux2014_aarch64.manylinux_2_17_aarch64.manylinux_2_28_aarch64.whl", hash = "sha256:8dc4487097571f7311188c3eca2a3e86cd1f1db4c37c7a017bcc3fd38486cbfe", size = 404194, upload-time = "2026-08-27T10:02:44.096Z" },
    { url = "https://files.pythonhosted.org/packages/b6/4e/46f5a5d949dbd054dab60cb15aac7ac6ae6774c134532893414689bf2f53/msgpack-1.2.2-cp314-cp314-manylinux2014_x86_64.manylinux_2_17_x86_64.manylinux_2_28_x86_64.whl", hash = "sha256:73b0e05c32c3cfc3cd84994908e57430c0ebc6813abf905d3f18ff115d54df3f", size = 412343, upload-time = "2026-08-27T10:02:45.747Z" },
    { url = "https://files.pythonhosted.org/packages/da/e8/739a94197358a313307e6e9e7d8d22ef66add39222de911a44161aa96920/msgpack-1.2.2-cp314-cp314-manylinux_2_31_riscv64.manylinux_2_39_riscv64.whl", hash = "sha256:aa1120c653b76d8eafa50423b5eba06b5c9737f8692c74fa3afe03e84b8978ea", size = 372620, upload-time = "2026-08-27T10:02:47.578Z" },
    { url = "https://files.pythonhosted.org/packages/03/d4/09b92e1fcdccea9466bfae45455367ac52362ae445d96a602e51b7a8df73/msgpack-1.2.2-cp314-cp314-musllinux_1_2_aarch64.whl", hash = "sha256:ccfd880988f8438d1c91c77d7edc58e70f4d2012e999167bc154c64c6f06ea6b", size = 394603, upload-time = "2026-08-27T10:02:49.172Z" },
    { url = "https://files.pythonhosted.org/packages/47/db/d11bd6f258a60703dcdc7a3772818ad0c2f602ee4c2acfb24088c6c3ebc3/msgpack-1.2.2-cp314-cp314-musllinux_1_2_riscv64.whl", hash = "sha256:6195257a107bf25872ef84aab7295078271eea3ac6413f0506b631f6c9586ed5", size = 372666, upload-time = "2026-08-27T10:02:50.886Z" },
    { url = "https://files.pythonhosted.org/packages/71/cf/fbbbac0c6e5fbb9d51abc23e3b5fe8620f5c01e0588797cf664a623bb9e1/msgpack-1.2.2-cp314-cp314-musllinux_1_2_x86_64.whl", hash = "sha256:b8dd6c71d20c28d2d0eb0c51e7cccf3584afde3b1364f6629596186c9025bd54", size = 410889, upload-time = "2026-08-27T10:02:52.51Z" },
    { url = "https://files.pythonhosted.org/packages/94/60/8366558da954095e04e7fbc351f9387d87a682feaee9a235ceda966f794b/msgpack-1.2.2-cp314-cp314-win32.whl", hash = "sha256:d242f3c4ccf55b056e6cf901720dccde58f1df117898f2bbf3bcd6e38ec7c248", size = 66774, upload-time = "2026-08-27T10:02:53.984Z" },
    { url = "https://files.pythonhosted.org/packages/4b/3d/1ce873c8057c65e4fbb076ffe1c99c9ae39d90a00a2540d7b06c652a292f/msgpack-1.2.2-cp314-cp314-win_amd64.whl", hash = "sha256:1510f24612d4b983dff6935d9273e02c320cfd525727fbcb58836a75f589fdbc", size = 73424, upload-time = "2026-08-27T10:02:55.277Z" },
    { url = "https://files.pythonhosted.org/packages/d5/55/e36f2a33e38657f33850d74e0bf256838a0d45802c298cc501a32bffcc08/msgpack-1.2.2-cp314-cp314-win_arm64.whl", hash = "sha256:7826f16edc763e768404f55605ef85dfcf5857e729c1ed29e0d7c180be4fe6d8", size = 67657, upload-time = "2026-08-27T10:02:56.493Z" },
    { url = "https://files.pythonhosted.org/packages/64/58/7e764b957bae80ae281a9cb28761068c8bae8d5c6ac0873e43cc69d176c7/msgpack-1.2.2-cp314-cp314t-macosx_10_15_x86_64.whl", hash = "sha256:f466049b8e1ec0854287bbe9a074316826fe0e08dcf707245f98b1ae49e92650", size = 86594, upload-time = "2026-08-27T10:02:57.796Z" },
    { url = "https://files.pythonhosted.org/packages/ae/f0/250f5985b6ee533e60d357571a808aaae03c54118294dc3db7158e27feb1/msgpack-1.2.2-cp314-cp314t-macosx_11_0_arm64.whl", hash = "sha256:1f6b6f8deb07d49090e1808c6ef9cb7d23ca17bef3aa6ed3e5e03df16606e60c", size = 87374, upload-time = "2026-08-27T10:02:59.256Z" },
    { url = "https://files.pythonhosted.org/packages/bd/2c/126ec8f187877c5f688631c543d1d3a3d75b2e66b83fb9de3ed7c13a39b6/msgpack-1.2.2-cp314-cp314t-manylinux2014_aarch64.manylinux_2_17_aarch64.manylinux_2_28_aarch64.whl", hash = "sha256:b542ffc0a5c531eedc40419f291f1bd659aa8d4223408a5b51c88a2796083fd3", size = 428157, upload-time = "2026-08-27T10:03:00.9Z" },
    { url = "https://files.pythonhosted.org/packages/95/21/d2d81d50aaedb14147d01f22094185794db3ad8a8791b60afacba0627c89/msgpack-1.2.2-cp314-cp314t-manylinux2014_x86_64.manylinux_2_17_x86_64.manylinux_2_28_x86_64.whl", hash = "sha256:7d095df2627e5dd59ac7b0c5ad627a671c76e6020171e03cbe4621a61f0562c3", size = 426669, upload-time = "2026-08-27T10:03:02.457Z" },
    { url = "https://files.pythonhosted.org/packages/c6/fc/f7d484ee5b572719608e7ffad569bea22ff11309a96ca2fae85eec94226b/msgpack-1.2.2-cp314-cp314t-manylinux_2_31_riscv64.manylinux_2_39_riscv64.whl", hash = "sha256:ffdd2f4950daf7815490f23087963e3420175b9609520b7ff5df64d351159c22", size = 380625, upload-time = "2026-08-27T10:03:04.244Z" },
    { url = "https://files.pythonhosted.org/packages/0a/c4/b924cbd5516676f4e612329f18602a833bd055ffbe27f808eeba0f01bfea/msgpack-1.2.2-cp314-cp314t-musllinux_1_2_aarch64.whl", hash = "sha256:652d1bf13d01bac8fd569def0fe76745e55bcda01e30aa6332d5947ea3788839", size = 411328, upload-time = "2026-08-27T10:03:05.869Z" },
    { url = "https://files.pythonhosted.org/packages/27/9d/0c1d9683a951a80f270c3b7dac1022c18b9307617344dd44d904135d5e12/msgpack-1.2.2-cp314-cp314t-musllinux_1_2_riscv64.whl", hash = "sha256:9bf452ff4d4981f25a18e9476e002bcc9263e7928024aa4d7148e25f7be3f929", size = 377892, upload-time = "2026-08-27T10:03:07.37Z" },
    { url = "https://files.pythonhosted.org/packages/06/bb/bf22338cdd22e0b40c8f28468cea5f3d9c320244c095d8303364bc012c41/msgpack-1.2.2-cp314-cp314t-musllinux_1_2_x86_64.whl", hash = "sha256:55faa6f8395e23b848c535ad5dcb96b3462f37f5e7f4ac500d500434f7345da7", size = 419426, upload-time = "2026-08-27T10:03:09Z" },
    { url = "https://files.pythonhosted.org/packages/7d/42/6d02c19a01abd8d7ce817c321d2ee6af1a8e24d584dca619d1b6576a83bf/msgpack-1.2.2-cp314-cp314t-win32.whl", hash = "sha256:419a45c67a5c04213172a14b1864657e014665b77d7081b107a51707923dd39e", size = 71810, upload-time = "2026-08-27T10:03:10.498Z" },
    { url = "https://files.pythonhosted.org/packages/af/df/fda3a204415dab0a8c0db5461ef7205416ea52bd8581c5cafd361be07f3b/msgpack-1.2.2-cp314-cp314t-win_amd64.whl", hash = "sha256:935b1cfad9b908b0fa845010f4271df4c2f04e1cd26e3f18acd61a45f93c9e36", size = 78919, upload-time = "2026-08-27T10:03:12.016Z" },
    { url = "https://files.pythonhosted.org/packages/63/d4/4b4b0ef25a86deca91feaf7252ca885ba4f2ada40461379120122a04fe96/msgpack-1.2.2-cp314-cp314t-win_arm64.whl", hash = "sha256:11e8c421e117d1c36728b423d0402555cccbf0c6f53e288f0e75b6b12100d70f", size = 71925, upload-time = "2026-08-27T10:03:13.332Z" },
    { url = "https://files.pythonhosted.org/packages/3b/92/4b44bc8f3243ef8cf9cb5368c17a299d45b9df858f6dfdd98a0482dbbb37/msgpack-1.2.2-cp315-cp315-macosx_10_15_x86_64.whl", hash = "sha256:e1b99ad34613d5f8477fa5cf99bc4eaeaf27965588007c102370cd9a78fe9de5", size = 84293, upload-time = "2026-08-27T10:03:14.718Z" },
    { url = "https://files.pythonhosted.org/packages/80/05/c992bb65744665a41b5bf531fc0e1619bae0901f57738228ded90023c151/msgpack-1.2.2-cp315-cp315-macosx_11_0_arm64.whl", hash = "sha256:0fbc1bed8a535389b41882cfae66376e248cd1680eaa94fd83193c73e1d24986", size = 84490, upload-time = "2026-08-27T10:03:16.12Z" },
    { url = "https://files.pythonhosted.org/packages/d7/bf/7f53b9e6709a4df7f9b9b81dc65f9dfaa32caf65bee94986ec2cb8fa07f1/msgpack-1.2.2-cp315-cp315-manylinux2014_aarch64.manylinux_2_17_aarch64.manylinux_2_28_aarch64.whl", hash = "sha256:06d95f61de7afe4f4ff908a6feebfcb070d0582ac87c9cf3cedf8551cf634516", size = 405332, upload-time = "2026-08-27T10:03:17.692Z" },
    { url = "https://files.pythonhosted.org/packages/d2/5a/305c4dca14b50d0b51fb88ef04ec125b8f0be3e2ce730dcc62dbaa651cc5/msgpack-1.2.2-cp315-cp315-manylinux2014_x86_64.manylinux_2_17_x86_64.manylinux_2_28_x86_64.whl", hash = "sha256:b5c696ae7cd7166b3657261adb855b461ff31f07823fdbae9de8bf80adfccc21", size = 416798, upload-time = "2026-08-27T10:03:19.389Z" },
    { url = "https://files.pythonhosted.org/packages/7a/df/a645102b4cdfd9a94201cac4e900e9c1429fc16d86aa311c06eef82528c9/msgpack-1.2.2-cp315-cp315-manylinux_2_31_riscv64.manylinux_2_39_riscv64.whl", hash = "sha256:0708afbf6a9587f0bfe479a9825c141d14d91e2f6a5c8103cf28bc96f4edb5d9", size = 377312, upload-time = "2026-08-27T10:03:20.928Z" },
    { url = "https://files.pythonhosted.org/packages/f4/26/c56d8d086d3fb1077bb48092b158b5ea2eee08b279e10c191275f13bc980/msgpack-1.2.2-cp315-cp315-musllinux_1_2_aarch64.whl", hash = "sha256:226a62ffe99fe54c5c61d910ec64c3449b7766c3280bd286bf6c94838dde239a", size = 395182, upload-time = "2026-08-27T10:03:22.571Z" },
    { url = "https://files.pythonhosted.org/packages/4d/b5/3d46ba367a565e536d8d2a61eebcee71b1dc803da3ce74a22313b573d6fa/msgpack-1.2.2-cp315-cp315-musllinux_1_2_riscv64.whl", hash = "sha256:9fd7f32e2f0fb334e7ecc5adb5cf0458785bd3a9d9d86f950e1715f101cebce5", size = 377945, upload-time = "2026-08-27T10:03:24.151Z" },
    { url = "https://files.pythonhosted.org/packages/a5/2c/d5d2df273ed5306357da25b69400fd8d7a53c4d87d8976604b677484d61c/msgpack-1.2.2-cp315-cp315-musllinux_1_2_x86_64.whl", hash = "sha256:9db1ba1c1e6a84245a9dd866265b56b8a1e9461549cc72ed296d8cbfbd32961b", size = 413341, upload-time = "2026-08-27T10:03:25.85Z" },
    { url = "https://files.pythonhosted.org/packages/1b/fb/32613bced3cad47b40b1b73dd04d687121349d83f748efc2575929121903/msgpack-1.2.2-cp315-cp315-win32.whl", hash = "sha256:e2eb7ea0ac3911a7aac9d8aaa36d40f216d99455b3274cd3fac38181bcd910cf", size = 66730, upload-time = "2026-08-27T10:03:27.294Z" },
    { url = "https://files.pythonhosted.org/packages/74/56/d86171f7251015e9312e5a7f9fdd4cf89752fc2114b88fed453d2a040c66/msgpack-1.2.2-cp315-cp315-win_amd64.whl", hash = "sha256:9352e6cdb510a7b1a5d3ccaccec730e82e50cf3484a3af7bdaab19e23b9589ff", size = 73477, upload-time = "2026-08-27T10:03:28.615Z" },
    { url = "https://files.pythonhosted.org/packages/13/1a/56b90f6defef61700b86baca3637c15f62ac0f9b21ab0f16613ab9d1f101/msgpack-1.2.2-cp315-cp315-win_arm64.whl", hash = "sha256:29cc2d5291711a52956a79a51f41c732329df39ad727c886bd8f0b5b9237a808", size = 67660, upload-time = "2026-08-27T10:03:29.895Z" },
    { url = "https://files.pythonhosted.org/packages/cd/20/12751ca0d8ec874701b54c392c2b19f51af8dd1de40a92a10e356f0aaf58/msgpack-1.2.2-cp315-cp315t-macosx_10_15_x86_64.whl", hash = "sha256:d886baa46b2532135e7320067e6a44edb09ba5883a6096b0f9c044533984b8a8", size = 86462, upload-time = "2026-08-27T10:03:31.348Z" },
    { url = "https://files.pythonhosted.org/packages/91/4c/cf6d12a3d709fe5f9771dd917c35e6ebcd55597a5b792287382fde056c95/msgpack-1.2.2-cp315-cp315t-macosx_11_0_arm64.whl", hash = "sha256:53679573c75cce5f82359e0bd4e6a97809a6b9a9b7a48fd1ba592f4a82cddc84", size = 87412, upload-time = "2026-08-27T10:03:32.74Z" },
    { url = "https://files.pythonhosted.org/packages/ca/0d/0aac5752d1708dcb458f8754db34a4999514db3df2d2b798b9381293f638/msgpack-1.2.2-cp315-cp315t-manylinux2014_aarch64.manylinux_2_17_aarch64.manylinux_2_28_aarch64.whl", hash = "sha256:d3c247d457ae9079974c7ce3c665396754a6d2baff7eaa51332212a8a5a3f13b", size = 422057, upload-time = "2026-08-27T10:03:34.124Z" },
    { url = "https://files.pythonhosted.org/packages/81/30/70f281a3685b04aaf235a5237da11b978a02a865a5a479186205177ad676/msgpack-1.2.2-cp315-cp315t-manylinux2014_x86_64.manylinux_2_17_x86_64.manylinux_2_28_x86_64.whl", hash = "sha256:352ed831042549cca8be23780e1fe7c9177e65ff02bf183509c4b4d33f671782", size = 422696, upload-time = "2026-08-27T10:03:35.862Z" },
    { url = "https://files.pythonhosted.org/packages/8a/6d/f76e8425efb0aa38988cd778ae290bfa120491d80d26872d88bb52fedb3f/msgpack-1.2.2-cp315-cp315t-manylinux_2_31_riscv64.manylinux_2_39_riscv64.whl", hash = "sha256:f80361592c13d7226b4379c8941529b63fe1a9d0e05d2de8f3306b70e522b53f", size = 376495, upload-time = "2026-08-27T10:03:37.339Z" },
    { url = "https://files.pythonhosted.org/packages/95/77/0809aa9b52b2868f7d01862dc14073708f0440421a65197b48453480034c/msgpack-1.2.2-cp315-cp315t-musllinux_1_2_aarch64.whl", hash = "sha256:68df2947921d449f6dcfeafd86cb2cdde13327a8b447534bbe4ee5aaf32a5695", size = 404683, upload-time = "2026-08-27T10:03:38.87Z" },
    { url = "https://files.pythonhosted.org/packages/02/d2/4e5ac915ba120172d210ef00165c5e6276c8a65db3a4a5cf36e946b83e23/msgpack-1.2.2-cp315-cp315t-musllinux_1_2_riscv64.whl", hash = "sha256:51dd39d23cfdea0400ed3ff2d29d1e83bd951d3aea79dc89be5b701a09edfe23", size = 375087, upload-time = "2026-08-27T10:03:40.486Z" },
    { url = "https://files.pythonhosted.org/packages/cb/e3/8051d53e5495c87c6cf27eb42fb680361017037f87f322bdaf525f71e4a2/msgpack-1.2.2-cp315-cp315t-musllinux_1_2_x86_64.whl", hash = "sha256:b13b59e66f107cca1ba708dd5307179870ca1b15b19fcee7ccf722e5308d9212", size = 414421, upload-time = "2026-08-27T10:03:42.308Z" },
    { url = "https://files.pythonhosted.org/packages/ba/4e/13783aa7c17414d7186c72c49bc718366f75e49f0ea58d4f81cb63ac3187/msgpack-1.2.2-cp315-cp315t-win32.whl", hash = "sha256:8c6321a414f8b4a8dc43976b2fa8349156434ca9adedd9a187b796f7e1d3d3fc", size = 71790, upload-time = "2026-08-27T10:03:43.715Z" },
    { url = "https://files.pythonhosted.org/packages/5e/9d/1d02994c7ae2603c98100984428ff0f67443572133bc18eca6058f732c1b/msgpack-1.2.2-cp315-cp315t-win_amd64.whl", hash = "sha256:6f53285f20d592ed309ee19e509cc4c77a3bda1db02ad67e8a0949bb227a5a6d", size = 78766, upload-time = "2026-08-27T10:03:45.036Z" },
    { url = "https://files.pythonhosted.org/packages/60/54/89ed16e6f966a050dc78b0e94a545025211b07ce9f4bdfe07dff70c03fc2/msgpack-1.2.2-cp315-cp315t-win_arm64.whl", hash = "sha256:a378e12ccc06d76efde115caf4073b7e5ff3cc18291d1341f9e65fb882e3f754", size = 71819, upload-time = "2026-08-27T10:03:46.375Z" },
]

[[package]]
name = "nats-py"
version = "2.15.0"
source = { registry = "https://pypi.org/simple" }
sdist = { url = "https://files.pythonhosted.org/packages/02/f0/fc5e93f2b0dd14a202590ad9d30eda1955ea872039b5204357348d0f4b1e/nats_py-2.15.0.tar.gz", hash = "sha256:6622c547d9a7d2313d9c147d46c386188f4ec2c7b5c9f9a0438a4d1b55f54a93", size = 75995, upload-time = "2026-06-05T07:34:03.904Z" }
wheels = [
    { url = "https://files.pythonhosted.org/packages/db/a8/b55606c7c621fb813c8ec78baf201d2c78bf6051091ec0c7ada572999e95/nats_py-2.15.0-py3-none-any.whl", hash = "sha256:9f8d36aa52a9926a88b8f1d70cf1fdce0ad387941479b500ee9ab3e51073cefd", size = 90334, upload-time = "2026-06-05T07:34:02.81Z" },
]

[[package]]
name = "nodeenv"
version = "1.10.0"
source = { registry = "https://pypi.org/simple" }
sdist = { url = "https://files.pythonhosted.org/packages/24/bf/d1bda4f6168e0b2e9e5958945e01910052158313224ada5ce1fb2e1113b8/nodeenv-1.10.0.tar.gz", hash = "sha256:996c191ad80897d076bdfba80a41994c2b47c68e224c542b48feba42ba00f8bb", size = 55611, upload-time = "2025-12-20T14:08:54.006Z" }
wheels = [
    { url = "https://files.pythonhosted.org/packages/88/b2/d0896bdcdc8d28a7fc5717c305f1a861c26e18c05047949fb371034d98bd/nodeenv-1.10.0-py2.py3-none-any.whl", hash = "sha256:5bb13e3eed2923615535339b3c620e76779af4cb4c6a90deccc9e36b274d3827", size = 23438, upload-time = "2025-12-20T14:08:52.782Z" },
]

[[package]]
name = "packaging"
version = "26.3"
source = { registry = "https://pypi.org/simple" }
sdist = { url = "https://files.pythonhosted.org/packages/7d/fa/3944b40b07da9ce895c0e6303a5ab7d53da063554f534556b134a54d6093/packaging-26.3.tar.gz", hash = "sha256:94edc256424af38762eb31306eed28beb9f0efc50a8837492c9d6fd6004aed79", size = 313412, upload-time = "2026-08-04T18:15:28.737Z" }
wheels = [
    { url = "https://files.pythonhosted.org/packages/63/34/ba1c580383c9eada3711951fef0795c80b829a078d72188184bcab9dd527/packaging-26.3-py3-none-any.whl", hash = "sha256:d7193f7c8e4e93f444fde0262bf90af30e16fa0ad0ad44cb553c87339b23cd1c", size = 129956, upload-time = "2026-08-04T18:15:27.159Z" },
]

[[package]]
name = "pluggy"
version = "1.6.0"
source = { registry = "https://pypi.org/simple" }
sdist = { url = "https://files.pythonhosted.org/packages/f9/e2/3e91f31a7d2b083fe6ef3fa267035b518369d9511ffab804f839851d2779/pluggy-1.6.0.tar.gz", hash = "sha256:7dcc130b76258d33b90f61b658791dede3486c3e6bfb003ee5c9bfb396dd22f3", size = 69412, upload-time = "2025-05-15T12:30:07.975Z" }
wheels = [
    { url = "https://files.pythonhosted.org/packages/54/20/4d324d65cc6d9205fabedc306948156824eb9f0ee1633355a8f7ec5c66bf/pluggy-1.6.0-py3-none-any.whl", hash = "sha256:e920276dd6813095e9377c0bc5566d94c932c33b27a3e3945d8389c374dd4746", size = 20538, upload-time = "2025-05-15T12:30:06.134Z" },
]

[[package]]
name = "pygments"
version = "2.21.0"
source = { registry = "https://pypi.org/simple" }
sdist = { url = "https://files.pythonhosted.org/packages/49/2e/ced460408999b33da6b31b0021b0f37d329e202d4169aeb164493778f25b/pygments-2.21.0.tar.gz", hash = "sha256:610ca751c9bc2492b38eb9a38a7fbc93edbbb2d7182edaf34e66ae493dee5c8c", size = 5005329, upload-time = "2026-08-17T08:02:48.824Z" }
wheels = [
    { url = "https://files.pythonhosted.org/packages/71/46/17f022dd3e953bf20a04a028a21ec746d942f8d2af30fa0f124fa0e6a684/pygments-2.21.0-py3-none-any.whl", hash = "sha256:2363c69b61c4a97c838da3b130dcd6468f4848992b21a82f2a63ec34377137d9", size = 1250147, upload-time = "2026-08-17T08:02:44.912Z" },
]

[[package]]
name = "pyright"
version = "1.1.411"
source = { registry = "https://pypi.org/simple" }
dependencies = [
    { name = "nodeenv" },
    { name = "typing-extensions" },
]
sdist = { url = "https://files.pythonhosted.org/packages/7e/ab/265f7dc69d28113ebba19092e57b075f41543b2ed048429c5f56e2b88eac/pyright-1.1.411.tar.gz", hash = "sha256:d885a0551f2e763b089a02702174e7f4ba77548cddabc972ab86d1f7f1b0f998", size = 4112861, upload-time = "2026-06-25T02:14:06.37Z" }
wheels = [
    { url = "https://files.pythonhosted.org/packages/0a/49/385be530a6a5b78d1cbcd5c2e38debc8959a2fc6bdb716f4e581002979fc/pyright-1.1.411-py3-none-any.whl", hash = "sha256:dc7c72a8e2700c55baa127554040e067041ea53ccfd50bf96308cc4291c7d5d9", size = 6181526, upload-time = "2026-06-25T02:14:04.691Z" },
]

[[package]]
name = "pytest"
version = "9.1.1"
source = { registry = "https://pypi.org/simple" }
dependencies = [
    { name = "colorama", marker = "sys_platform == 'win32'" },
    { name = "iniconfig" },
    { name = "packaging" },
    { name = "pluggy" },
    { name = "pygments" },
]
sdist = { url = "https://files.pythonhosted.org/packages/e4/47/b9efed96c114afcfa3c9d3fe98a76a1d14c74a9e266d397cf6eb64be5e01/pytest-9.1.1.tar.gz", hash = "sha256:1088fbde8f2b49d95a549a195707afa7a76a3ce9bcadc26b6d71f0ffda5fe313", size = 1636369, upload-time = "2026-06-19T10:58:32.857Z" }
wheels = [
    { url = "https://files.pythonhosted.org/packages/24/25/1de2678b631f5a49215c6c96fff41ba892b0a34df68d6d80292b1b48aa7f/pytest-9.1.1-py3-none-any.whl", hash = "sha256:37a86b45efb9a47a61a36449063e8e18d0cab3161329fc099eb21783169c4f0c", size = 386536, upload-time = "2026-06-19T10:58:31.347Z" },
]

[[package]]
name = "pytest-asyncio"
version = "1.4.0"
source = { registry = "https://pypi.org/simple" }
dependencies = [
    { name = "pytest" },
]
sdist = { url = "https://files.pythonhosted.org/packages/43/7c/d36d04db312ecf4298932ef77e6e4a9e8ad017906e24e34f0b0c361a2473/pytest_asyncio-1.4.0.tar.gz", hash = "sha256:c6c0d2259945122819f171a32ecea2c349ead889ee28176caaf492143424be42", size = 58514, upload-time = "2026-05-26T09:56:04.083Z" }
wheels = [
    { url = "https://files.pythonhosted.org/packages/03/e2/08a497ef684b88559c9cc5f4ad53a37e7b99e727094a86d6ea32536d5d3c/pytest_asyncio-1.4.0-py3-none-any.whl", hash = "sha256:933ca923a23075a87fb7070c0ec272a6848489824d887c85c812670932835aa1", size = 16930, upload-time = "2026-05-26T09:56:02.576Z" },
]

[[package]]
name = "ruff"
version = "0.16.6"
source = { registry = "https://pypi.org/simple" }
sdist = { url = "https://files.pythonhosted.org/packages/a4/7c/6adb35d70e7c027e308274557901c7e00fb3407750faf3620c184ae058cb/ruff-0.16.6.tar.gz", hash = "sha256:dcf8a73d2ff77e99dde91244b4da16feba7f14e6beeb4015dee7c5a909e99050", size = 4921251, upload-time = "2026-09-03T16:57:29.037Z" }
wheels = [
    { url = "https://files.pythonhosted.org/packages/a4/28/9cc1b79639e284ec103f43c88c644db4eb58cbd0ea1ca11f1193435369ac/ruff-0.16.6-py3-none-linux_armv6l.whl", hash = "sha256:61c368c26bf8e973e5ab14a2772de587bc068ea3f9a277f673380749b4898fb8", size = 10015638, upload-time = "2026-09-03T16:56:40.986Z" },
    { url = "https://files.pythonhosted.org/packages/71/11/627d342ef727ea7794edf74fe23d60a074b02c3acc2e9436684e782286ca/ruff-0.16.6-py3-none-macosx_10_12_x86_64.whl", hash = "sha256:ecf4f068e2e123e43a26e9db4e19524cc56563912404e83bbfca375757e45a32", size = 10220762, upload-time = "2026-09-03T16:56:44.681Z" },
    { url = "https://files.pythonhosted.org/packages/43/d9/b75668ce41e4c8d073d18d6d08672ba6906ce45d5c06ea4fdb2e84ce3853/ruff-0.16.6-py3-none-macosx_11_0_arm64.whl", hash = "sha256:99b62ea33baf130f50368798d841f0d95527b6d817bf31817b65dd058f1d314c", size = 9835082, upload-time = "2026-09-03T16:56:47.142Z" },
    { url = "https://files.pythonhosted.org/packages/99/97/123ab10b05cde889c107c20f5a9774955104b5552796a2a8584b089ae8eb/ruff-0.16.6-py3-none-manylinux_2_17_aarch64.manylinux2014_aarch64.whl", hash = "sha256:7fbf89013f2bb3f6835a6038ff658dc8a1b38c98dc8e724b964168ad4e881876", size = 9949304, upload-time = "2026-09-03T16:56:49.813Z" },
    { url = "https://files.pythonhosted.org/packages/3e/58/a4a2c59dd2e5b85929c912d9cac3056eb9ee8c7e75e9b9fe3e109174966b/ruff-0.16.6-py3-none-manylinux_2_17_armv7l.manylinux2014_armv7l.whl", hash = "sha256:56a67065e22efa6bc4d498299d3bb06c0c90aace8fac2068b5a12f9dc4d8d51d", size = 9840612, upload-time = "2026-09-03T16:56:52.368Z" },
    { url = "https://files.pythonhosted.org/packages/61/6a/ff8c8626a786c4f49d48ced4a752dadbca65f5263005f9c2416578194694/ruff-0.16.6-py3-none-manylinux_2_17_i686.manylinux2014_i686.whl", hash = "sha256:e25cc89174874b176a157e4428d66761c2c0c006654419bf384f967f361ff1b1", size = 10543465, upload-time = "2026-09-03T16:56:55.089Z" },
    { url = "https://files.pythonhosted.org/packages/ad/bb/c47535923365f337b82e28192e4e9eef2176511007cfd99a62fc22df5dad/ruff-0.16.6-py3-none-manylinux_2_17_ppc64le.manylinux2014_ppc64le.whl", hash = "sha256:0700580ed5303723cb3c11c2f1d2a8913ce77b7ea86646dddb887f5417a9ba70", size = 11267576, upload-time = "2026-09-03T16:56:57.791Z" },
    { url = "https://files.pythonhosted.org/packages/ba/50/e5119a5212b5cd63b51e1f4b25e7bd636a6668fc069a3160b108ad7e3c16/ruff-0.16.6-py3-none-manylinux_2_17_s390x.manylinux2014_s390x.whl", hash = "sha256:15f1d0b6e165a6e56567befb6629f8209271311d990bae0f37e6d065035ef5f3", size = 10781993, upload-time = "2026-09-03T16:57:00.666Z" },
    { url = "https://files.pythonhosted.org/packages/8b/98/083d8b4ef3c51a0d19db84367791cbe9f44e4b53343d19dfa83556e1cd9a/ruff-0.16.6-py3-none-manylinux_2_17_x86_64.manylinux2014_x86_64.whl", hash = "sha256:d72c591a96986ee4268860e2b7235082129ca5e4cb9cbba653a4b57c11893757", size = 10317748, upload-time = "2026-09-03T16:57:03.428Z" },
    { url = "https://files.pythonhosted.org/packages/9a/29/68f7ff2c5ad95f19f00627ac2de95644e25fe47371ea60b2db1fd952315e/ruff-0.16.6-py3-none-manylinux_2_31_riscv64.whl", hash = "sha256:65a006baa18f33324325814c864daef03541d51564b98c517610ea756ab7003e", size = 10540096, upload-time = "2026-09-03T16:57:06.182Z" },
    { url = "https://files.pythonhosted.org/packages/c4/f9/79a8f6de85968641d68a7863aeec577551924ef066a990a48ff93167beab/ruff-0.16.6-py3-none-musllinux_1_2_aarch64.whl", hash = "sha256:cd02a7bf1a21a8735228a3e8c95a9dc5cf86bd2a52194f4aaae2a5755b4de0f4", size = 10100494, upload-time = "2026-09-03T16:57:09.194Z" },
    { url = "https://files.pythonhosted.org/packages/d9/e8/b81a22d9b90c00b892ccf2fa2ac36fa95de4c13ab85aea3e73795cfe4651/ruff-0.16.6-py3-none-musllinux_1_2_armv7l.whl", hash = "sha256:31b36f1e5ad85e0737f09d2be4e512e2e283583c14015da3b9dc07359ac0fc88", size = 9843663, upload-time = "2026-09-03T16:57:12.168Z" },
    { url = "https://files.pythonhosted.org/packages/39/aa/54f516ec5e5a11c4afdceb1c454ebb054ffb96e4f4a1705580b4346abd35/ruff-0.16.6-py3-none-musllinux_1_2_i686.whl", hash = "sha256:61029b4ab4aa723fd3064fab96b1d814492596bf0c792679fffcbde1e1679953", size = 10282461, upload-time = "2026-09-03T16:57:15.077Z" },
    { url = "https://files.pythonhosted.org/packages/52/0b/38d0aa8aa32372b96dc44f97b22e576c4147808271aab7b2cb1e353d4445/ruff-0.16.6-py3-none-musllinux_1_2_x86_64.whl", hash = "sha256:9ac8998457832c2061709d900856b7ad271dace0cb41f346588d540162bfa718", size = 10728808, upload-time = "2026-09-03T16:57:17.797Z" },
    { url = "https://files.pythonhosted.org/packages/5e/e5/9e274e24eeb027640ffc7442f21239f16d17f47acec15ae34f32e03a5c79/ruff-0.16.6-py3-none-win32.whl", hash = "sha256:0b87d9d16fcb63e8018423ca1d50b7260f15cb2da33e30db4baad4183a948c25", size = 10049212, upload-time = "2026-09-03T16:57:20.55Z" },
    { url = "https://files.pythonhosted.org/packages/22/31/72472449414223ed1a2da236b992adbb1a2ae59e34794574810f60ce068e/ruff-0.16.6-py3-none-win_amd64.whl", hash = "sha256:10d21c51c3495d8eaea7b703a16592117ea6eb1d649e36335aa965ff1173eb39", size = 10556402, upload-time = "2026-09-03T16:57:23.501Z" },
    { url = "https://files.pythonhosted.org/packages/fc/07/d781f8f8e1ac24bef9f3269cf62ffb1407ca24c3a8f12e5e22874f90528c/ruff-0.16.6-py3-none-win_arm64.whl", hash = "sha256:7a976c79b958f94e50a022a19f0f8c87387448020935ec14fc74331bd0a7f2c5", size = 10412850, upload-time = "2026-09-03T16:57:26.416Z" },
]

[[package]]
name = "sqlparse"
version = "0.6.0"
source = { registry = "https://pypi.org/simple" }
sdist = { url = "https://files.pythonhosted.org/packages/5f/d3/3f06a1006f2261d1342aefb3c71eed02f5d4ca5bdbecd86ebc12ad38306e/sqlparse-0.6.0.tar.gz", hash = "sha256:113c35c75365ab9cc9c7231d68c6428fb11c085fc8e9eb1ad659b7ddbf6cd2b9", size = 178477, upload-time = "2026-08-13T19:16:06.396Z" }
wheels = [
    { url = "https://files.pythonhosted.org/packages/d9/50/f00935da0ec7cbf325f8dc4f772ae46fbc7b672dd62876e73f0a94adda57/sqlparse-0.6.0-py3-none-any.whl", hash = "sha256:b861c0288ce2fa56209a9a6412d2e066ac664b3873b89c26c9d8415e8e32996f", size = 50070, upload-time = "2026-08-13T19:16:04.062Z" },
]

[[package]]
name = "typing-extensions"
version = "4.16.0"
source = { registry = "https://pypi.org/simple" }
sdist = { url = "https://files.pythonhosted.org/packages/f6/cc/6253133b5bb138fc3306cebfbda2c520f545d36b5be2c7255cc528bb45d6/typing_extensions-4.16.0.tar.gz", hash = "sha256:dc983d19a509c94dba722ee6abd33940f7c05a89e243c47e907eb4db6f1a43e5", size = 113555, upload-time = "2026-07-02T08:40:05.92Z" }
wheels = [
    { url = "https://files.pythonhosted.org/packages/49/d3/b8441a820a491ddfc024b0b0cf0393375b75ea13866d9c66727e54c2fc80/typing_extensions-4.16.0-py3-none-any.whl", hash = "sha256:481caa481374e813c1b176ada14e97f1f67a4539ce9cfeb3f350d78d6370c2e8", size = 45571, upload-time = "2026-07-02T08:40:04.659Z" },
]

[[package]]
name = "tzdata"
version = "2026.3"
source = { registry = "https://pypi.org/simple" }
sdist = { url = "https://files.pythonhosted.org/packages/92/ff/5a28bdfd8c3ebec42564ac7d0e54ca3db65044a9314a97f9564fa7a1e926/tzdata-2026.3.tar.gz", hash = "sha256:4a1518b8993086a7982523e071643f3c0e5f213e75b21318e78bcabfff9d1415", size = 198674, upload-time = "2026-07-10T08:50:37.887Z" }
wheels = [
    { url = "https://files.pythonhosted.org/packages/e5/6d/b53b99a9f2766d095985947a5782f1702cabb129a34f7a802d7197af832f/tzdata-2026.3-py2.py3-none-any.whl", hash = "sha256:dc096730c87af6cab1b171c9d532be840741ff5d459015e7f6947bd7d7e54931", size = 348168, upload-time = "2026-07-10T08:50:36.46Z" },
]
